
Microsoft Visual Studio Solution File, Format Version 12.00
# Visual Studio Version 17
VisualStudioVersion = 17.8.34330.188
MinimumVisualStudioVersion = 10.0.40219.1
Project("{2150E333-8FDC-42A3-9474-1A3956D46DE8}") = "Services", "Services", "{EA1399B2-44A7-4976-B3BF-CDF5456F190A}"
EndProject
Project("{2150E333-8FDC-42A3-9474-1A3956D46DE8}") = "Catalog", "Catalog", "{A0D1E843-D639-4168-A94B-928AFCE9B4DF}"
EndProject
Project("{9A19103F-16F7-4668-BE54-9A1E7A4F7556}") = "Services.Catalog", "Services\Catalog\Services.Catalog\Services.Catalog.csproj", "{B56E4F47-74FC-43D0-83B1-961E7F659671}"
EndProject
Project("{2150E333-8FDC-42A3-9474-1A3956D46DE8}") = "Solution Items", "Solution Items", "{D4881CFC-D7C0-4283-9F63-D4519A8DA8E1}"
	ProjectSection(SolutionItems) = preProject
		Ports.txt = Ports.txt
	EndProjectSection
EndProject
Project("{2150E333-8FDC-42A3-9474-1A3956D46DE8}") = "Shareds", "Shareds", "{E7E5FAAA-AEE8-4CB7-8308-9664AF1A2AD8}"
EndProject
Project("{9A19103F-16F7-4668-BE54-9A1E7A4F7556}") = "Shared", "Shareds\Shared\Shared.csproj", "{BBCB69B6-0672-416C-88D3-878F906B54E1}"
EndProject
Project("{2150E333-8FDC-42A3-9474-1A3956D46DE8}") = "IdentityServers", "IdentityServers", "{BBE23DCF-98CD-4819-A143-B3B46199CCF1}"
EndProject
Project("{9A19103F-16F7-4668-BE54-9A1E7A4F7556}") = "IdentityServer", "IdentityServers\IdentityServer\IdentityServer.csproj", "{1839326B-0706-4744-979D-DA22267E739C}"
EndProject
Project("{9A19103F-16F7-4668-BE54-9A1E7A4F7556}") = "SharedNET3", "Shareds\SharedNET3\SharedNET3.csproj", "{D1600282-3B97-4364-9CD0-387EC3536376}"
EndProject
Project("{2150E333-8FDC-42A3-9474-1A3956D46DE8}") = "PhotoStock", "PhotoStock", "{3B6C2A10-E4A5-4F2F-9133-248BA540E439}"
EndProject
Project("{9A19103F-16F7-4668-BE54-9A1E7A4F7556}") = "Services.PhotoStock", "Services\PhotoStock\Services.PhotoStock\Services.PhotoStock.csproj", "{560515A1-EE71-4240-9367-CDF810ABAD9A}"
EndProject
Project("{2150E333-8FDC-42A3-9474-1A3956D46DE8}") = "Basket", "Basket", "{AB287A7F-90C5-45E9-B689-D7898A350163}"
EndProject
Project("{9A19103F-16F7-4668-BE54-9A1E7A4F7556}") = "Services.Basket", "Services\Basket\Services.Basket\Services.Basket.csproj", "{EE687C05-7D10-4BDE-8113-76A0DA2DBA0B}"
EndProject
Project("{2150E333-8FDC-42A3-9474-1A3956D46DE8}") = "Discount", "Discount", "{36CAC84A-6280-4880-A17F-43A3DB1B76E0}"
EndProject
Project("{9A19103F-16F7-4668-BE54-9A1E7A4F7556}") = "Services.Discount", "Services\Discount\Services.Discount\Services.Discount.csproj", "{3F77CFE0-3407-4B2D-A959-7F890DD5ED76}"
EndProject
Project("{2150E333-8FDC-42A3-9474-1A3956D46DE8}") = "Order", "Order", "{51AC06E9-E003-45A6-B88E-6FFA1E8D3903}"
EndProject
Project("{9A19103F-16F7-4668-BE54-9A1E7A4F7556}") = "Services.Order.API", "Services\Order\Services.Order.API\Services.Order.API.csproj", "{352952BF-476F-44AD-A87E-9C103C473ADE}"
EndProject
Project("{9A19103F-16F7-4668-BE54-9A1E7A4F7556}") = "Services.Order.Application", "Services\Order\Services.Order.Application\Services.Order.Application.csproj", "{E93FD31D-F402-411D-BD93-A39339B44D57}"
EndProject
Project("{9A19103F-16F7-4668-BE54-9A1E7A4F7556}") = "Services.Order.Domain", "Services\Order\Services.Order.Domain\Services.Order.Domain.csproj", "{6C0E0BC5-0704-4088-A830-19731908D4DF}"
EndProject
Project("{9A19103F-16F7-4668-BE54-9A1E7A4F7556}") = "Services.Order.Domain.Core", "Services\Order\Services.Order.Domain.Core\Services.Order.Domain.Core.csproj", "{9210EED3-7FF7-4C9F-B2BE-39D735339AFB}"
EndProject
Project("{9A19103F-16F7-4668-BE54-9A1E7A4F7556}") = "Services.Order.Infrastructure", "Services\Order\Services.Order.Infrastructure\Services.Order.Infrastructure.csproj", "{4BA018FA-8FF0-4EB9-BADA-3F8BFC4E16FE}"
EndProject
Project("{2150E333-8FDC-42A3-9474-1A3956D46DE8}") = "FakePayment", "FakePayment", "{DEE68FE0-5B98-4BA6-9FA1-781DA355CC2E}"
EndProject
Project("{FAE04EC0-301F-11D3-BF4B-00C04F79EFBC}") = "Services.FakePayment", "Services\FakePayment\Services.FakePayment\Services.FakePayment.csproj", "{5ECFA746-65B6-4182-86FB-95163CE08931}"
EndProject
Project("{2150E333-8FDC-42A3-9474-1A3956D46DE8}") = "Gateways", "Gateways", "{D980A9B7-6575-453A-AA34-0A82DEECD5CF}"
EndProject
Project("{FAE04EC0-301F-11D3-BF4B-00C04F79EFBC}") = "Gateway", "Gateways\Gateway\Gateway.csproj", "{AD32675D-06C6-440A-82C3-135830F7D51C}"
EndProject
Global
	GlobalSection(SolutionConfigurationPlatforms) = preSolution
		Debug|Any CPU = Debug|Any CPU
		Release|Any CPU = Release|Any CPU
	EndGlobalSection
	GlobalSection(ProjectConfigurationPlatforms) = postSolution
		{B56E4F47-74FC-43D0-83B1-961E7F659671}.Debug|Any CPU.ActiveCfg = Debug|Any CPU
		{B56E4F47-74FC-43D0-83B1-961E7F659671}.Debug|Any CPU.Build.0 = Debug|Any CPU
		{B56E4F47-74FC-43D0-83B1-961E7F659671}.Release|Any CPU.ActiveCfg = Release|Any CPU
		{B56E4F47-74FC-43D0-83B1-961E7F659671}.Release|Any CPU.Build.0 = Release|Any CPU
		{BBCB69B6-0672-416C-88D3-878F906B54E1}.Debug|Any CPU.ActiveCfg = Debug|Any CPU
		{BBCB69B6-0672-416C-88D3-878F906B54E1}.Debug|Any CPU.Build.0 = Debug|Any CPU
		{BBCB69B6-0672-416C-88D3-878F906B54E1}.Release|Any CPU.ActiveCfg = Release|Any CPU
		{BBCB69B6-0672-416C-88D3-878F906B54E1}.Release|Any CPU.Build.0 = Release|Any CPU
		{1839326B-0706-4744-979D-DA22267E739C}.Debug|Any CPU.ActiveCfg = Debug|Any CPU
		{1839326B-0706-4744-979D-DA22267E739C}.Debug|Any CPU.Build.0 = Debug|Any CPU
		{1839326B-0706-4744-979D-DA22267E739C}.Release|Any CPU.ActiveCfg = Release|Any CPU
		{1839326B-0706-4744-979D-DA22267E739C}.Release|Any CPU.Build.0 = Release|Any CPU
		{D1600282-3B97-4364-9CD0-387EC3536376}.Debug|Any CPU.ActiveCfg = Debug|Any CPU
		{D1600282-3B97-4364-9CD0-387EC3536376}.Debug|Any CPU.Build.0 = Debug|Any CPU
		{D1600282-3B97-4364-9CD0-387EC3536376}.Release|Any CPU.ActiveCfg = Release|Any CPU
		{D1600282-3B97-4364-9CD0-387EC3536376}.Release|Any CPU.Build.0 = Release|Any CPU
		{560515A1-EE71-4240-9367-CDF810ABAD9A}.Debug|Any CPU.ActiveCfg = Debug|Any CPU
		{560515A1-EE71-4240-9367-CDF810ABAD9A}.Debug|Any CPU.Build.0 = Debug|Any CPU
		{560515A1-EE71-4240-9367-CDF810ABAD9A}.Release|Any CPU.ActiveCfg = Release|Any CPU
		{560515A1-EE71-4240-9367-CDF810ABAD9A}.Release|Any CPU.Build.0 = Release|Any CPU
		{EE687C05-7D10-4BDE-8113-76A0DA2DBA0B}.Debug|Any CPU.ActiveCfg = Debug|Any CPU
		{EE687C05-7D10-4BDE-8113-76A0DA2DBA0B}.Debug|Any CPU.Build.0 = Debug|Any CPU
		{EE687C05-7D10-4BDE-8113-76A0DA2DBA0B}.Release|Any CPU.ActiveCfg = Release|Any CPU
		{EE687C05-7D10-4BDE-8113-76A0DA2DBA0B}.Release|Any CPU.Build.0 = Release|Any CPU
		{3F77CFE0-3407-4B2D-A959-7F890DD5ED76}.Debug|Any CPU.ActiveCfg = Debug|Any CPU
		{3F77CFE0-3407-4B2D-A959-7F890DD5ED76}.Debug|Any CPU.Build.0 = Debug|Any CPU
		{3F77CFE0-3407-4B2D-A959-7F890DD5ED76}.Release|Any CPU.ActiveCfg = Release|Any CPU
		{3F77CFE0-3407-4B2D-A959-7F890DD5ED76}.Release|Any CPU.Build.0 = Release|Any CPU
		{352952BF-476F-44AD-A87E-9C103C473ADE}.Debug|Any CPU.ActiveCfg = Debug|Any CPU
		{352952BF-476F-44AD-A87E-9C103C473ADE}.Debug|Any CPU.Build.0 = Debug|Any CPU
		{352952BF-476F-44AD-A87E-9C103C473ADE}.Release|Any CPU.ActiveCfg = Release|Any CPU
		{352952BF-476F-44AD-A87E-9C103C473ADE}.Release|Any CPU.Build.0 = Release|Any CPU
		{E93FD31D-F402-411D-BD93-A39339B44D57}.Debug|Any CPU.ActiveCfg = Debug|Any CPU
		{E93FD31D-F402-411D-BD93-A39339B44D57}.Debug|Any CPU.Build.0 = Debug|Any CPU
		{E93FD31D-F402-411D-BD93-A39339B44D57}.Release|Any CPU.ActiveCfg = Release|Any CPU
		{E93FD31D-F402-411D-BD93-A39339B44D57}.Release|Any CPU.Build.0 = Release|Any CPU
		{6C0E0BC5-0704-4088-A830-19731908D4DF}.Debug|Any CPU.ActiveCfg = Debug|Any CPU
		{6C0E0BC5-0704-4088-A830-19731908D4DF}.Debug|Any CPU.Build.0 = Debug|Any CPU
		{6C0E0BC5-0704-4088-A830-19731908D4DF}.Release|Any CPU.ActiveCfg = Release|Any CPU
		{6C0E0BC5-0704-4088-A830-19731908D4DF}.Release|Any CPU.Build.0 = Release|Any CPU
		{9210EED3-7FF7-4C9F-B2BE-39D735339AFB}.Debug|Any CPU.ActiveCfg = Debug|Any CPU
		{9210EED3-7FF7-4C9F-B2BE-39D735339AFB}.Debug|Any CPU.Build.0 = Debug|Any CPU
		{9210EED3-7FF7-4C9F-B2BE-39D735339AFB}.Release|Any CPU.ActiveCfg = Release|Any CPU
		{9210EED3-7FF7-4C9F-B2BE-39D735339AFB}.Release|Any CPU.Build.0 = Release|Any CPU
		{4BA018FA-8FF0-4EB9-BADA-3F8BFC4E16FE}.Debug|Any CPU.ActiveCfg = Debug|Any CPU
		{4BA018FA-8FF0-4EB9-BADA-3F8BFC4E16FE}.Debug|Any CPU.Build.0 = Debug|Any CPU
		{4BA018FA-8FF0-4EB9-BADA-3F8BFC4E16FE}.Release|Any CPU.ActiveCfg = Release|Any CPU
		{4BA018FA-8FF0-4EB9-BADA-3F8BFC4E16FE}.Release|Any CPU.Build.0 = Release|Any CPU
		{5ECFA746-65B6-4182-86FB-95163CE08931}.Debug|Any CPU.ActiveCfg = Debug|Any CPU
		{5ECFA746-65B6-4182-86FB-95163CE08931}.Debug|Any CPU.Build.0 = Debug|Any CPU
		{5ECFA746-65B6-4182-86FB-95163CE08931}.Release|Any CPU.ActiveCfg = Release|Any CPU
		{5ECFA746-65B6-4182-86FB-95163CE08931}.Release|Any CPU.Build.0 = Release|Any CPU
		{AD32675D-06C6-440A-82C3-135830F7D51C}.Debug|Any CPU.ActiveCfg = Debug|Any CPU
		{AD32675D-06C6-440A-82C3-135830F7D51C}.Debug|Any CPU.Build.0 = Debug|Any CPU
		{AD32675D-06C6-440A-82C3-135830F7D51C}.Release|Any CPU.ActiveCfg = Release|Any CPU
		{AD32675D-06C6-440A-82C3-135830F7D51C}.Release|Any CPU.Build.0 = Release|Any CPU
	EndGlobalSection
	GlobalSection(SolutionProperties) = preSolution
		HideSolutionNode = FALSE
	EndGlobalSection
	GlobalSection(NestedProjects) = preSolution
		{A0D1E843-D639-4168-A94B-928AFCE9B4DF} = {EA1399B2-44A7-4976-B3BF-CDF5456F190A}
		{B56E4F47-74FC-43D0-83B1-961E7F659671} = {A0D1E843-D639-4168-A94B-928AFCE9B4DF}
		{BBCB69B6-0672-416C-88D3-878F906B54E1} = {E7E5FAAA-AEE8-4CB7-8308-9664AF1A2AD8}
		{1839326B-0706-4744-979D-DA22267E739C} = {BBE23DCF-98CD-4819-A143-B3B46199CCF1}
		{D1600282-3B97-4364-9CD0-387EC3536376} = {E7E5FAAA-AEE8-4CB7-8308-9664AF1A2AD8}
		{3B6C2A10-E4A5-4F2F-9133-248BA540E439} = {EA1399B2-44A7-4976-B3BF-CDF5456F190A}
		{560515A1-EE71-4240-9367-CDF810ABAD9A} = {3B6C2A10-E4A5-4F2F-9133-248BA540E439}
		{AB287A7F-90C5-45E9-B689-D7898A350163} = {EA1399B2-44A7-4976-B3BF-CDF5456F190A}
		{EE687C05-7D10-4BDE-8113-76A0DA2DBA0B} = {AB287A7F-90C5-45E9-B689-D7898A350163}
		{36CAC84A-6280-4880-A17F-43A3DB1B76E0} = {EA1399B2-44A7-4976-B3BF-CDF5456F190A}
		{3F77CFE0-3407-4B2D-A959-7F890DD5ED76} = {36CAC84A-6280-4880-A17F-43A3DB1B76E0}
		{51AC06E9-E003-45A6-B88E-6FFA1E8D3903} = {EA1399B2-44A7-4976-B3BF-CDF5456F190A}
		{352952BF-476F-44AD-A87E-9C103C473ADE} = {51AC06E9-E003-45A6-B88E-6FFA1E8D3903}
		{E93FD31D-F402-411D-BD93-A39339B44D57} = {51AC06E9-E003-45A6-B88E-6FFA1E8D3903}
		{6C0E0BC5-0704-4088-A830-19731908D4DF} = {51AC06E9-E003-45A6-B88E-6FFA1E8D3903}
		{9210EED3-7FF7-4C9F-B2BE-39D735339AFB} = {51AC06E9-E003-45A6-B88E-6FFA1E8D3903}
		{4BA018FA-8FF0-4EB9-BADA-3F8BFC4E16FE} = {51AC06E9-E003-45A6-B88E-6FFA1E8D3903}
		{DEE68FE0-5B98-4BA6-9FA1-781DA355CC2E} = {EA1399B2-44A7-4976-B3BF-CDF5456F190A}
		{5ECFA746-65B6-4182-86FB-95163CE08931} = {DEE68FE0-5B98-4BA6-9FA1-781DA355CC2E}
		{AD32675D-06C6-440A-82C3-135830F7D51C} = {D980A9B7-6575-453A-AA34-0A82DEECD5CF}
	EndGlobalSection
	GlobalSection(ExtensibilityGlobals) = postSolution
		SolutionGuid = {100AC7FD-FB55-4A38-9FC5-1A067811DE24}
	EndGlobalSection
EndGlobal
